Microsoft Visual Studio Solution File, Format Version 12.00
# Visual Studio Version 17
VisualStudioVersion = 17.5.2.0
MinimumVisualStudioVersion = 10.0.40219.1
Project("{FAE04EC0-301F-11D3-BF4B-00C04F79EFBC}") = "Avalonia-Demo-Kanban", "Avalonia-Demo-Kanban.csproj", "{23EBD53D-6FE6-9431-8288-28E9BB18674E}"
EndProject
Global
	GlobalSection(SolutionConfigurationPlatforms) = preSolution
		Debug|Any CPU = Debug|Any CPU
		Release|Any CPU = Release|Any CPU
	EndGlobalSection
	GlobalSection(ProjectConfigurationPlatforms) = postSolution
		{23EBD53D-6FE6-9431-8288-28E9BB18674E}.Debug|Any CPU.ActiveCfg = Debug|Any CPU
		{23EBD53D-6FE6-9431-8288-28E9BB18674E}.Debug|Any CPU.Build.0 = Debug|Any CPU
		{23EBD53D-6FE6-9431-8288-28E9BB18674E}.Release|Any CPU.ActiveCfg = Release|Any CPU
		{23EBD53D-6FE6-9431-8288-28E9BB18674E}.Release|Any CPU.Build.0 = Release|Any CPU
	EndGlobalSection
	GlobalSection(SolutionProperties) = preSolution
		HideSolutionNode = FALSE
	EndGlobalSection
	GlobalSection(ExtensibilityGlobals) = postSolution
		SolutionGuid = {3E1922D9-A7A8-43C8-8E45-B8767EDB71B2}
	EndGlobalSection
EndGlobal
